
Microsoft Visual Studio Solution File, Format Version 12.00
# Visual Studio 2013
VisualStudioVersion = 12.0.31101.0
MinimumVisualStudioVersion = 10.0.40219.1
Project("{FAE04EC0-301F-11D3-BF4B-00C04F79EFBC}") = "ogbit.web.WcfRestCrossDomainSupport", "ogbit.web.WcfRestCrossDomainSupport\ogbit.web.WcfRestCrossDomainSupport.csproj", "{AB6DA2B4-9DA3-4343-9914-6B610DB1C40B}"
EndProject
Project("{FAE04EC0-301F-11D3-BF4B-00C04F79EFBC}") = "ogbi.web.WebClientTest", "ogbi.web.WebClientTest\ogbi.web.WebClientTest.csproj", "{94B2A125-8368-4665-AFA8-111ABE40EFE7}"
EndProject
Global
	GlobalSection(SolutionConfigurationPlatforms) = preSolution
		Debug|Any CPU = Debug|Any CPU
		Release|Any CPU = Release|Any CPU
	EndGlobalSection
	GlobalSection(ProjectConfigurationPlatforms) = postSolution
		{AB6DA2B4-9DA3-4343-9914-6B610DB1C40B}.Debug|Any CPU.ActiveCfg = Debug|Any CPU
		{AB6DA2B4-9DA3-4343-9914-6B610DB1C40B}.Debug|Any CPU.Build.0 = Debug|Any CPU
		{AB6DA2B4-9DA3-4343-9914-6B610DB1C40B}.Release|Any CPU.ActiveCfg = Release|Any CPU
		{AB6DA2B4-9DA3-4343-9914-6B610DB1C40B}.Release|Any CPU.Build.0 = Release|Any CPU
		{94B2A125-8368-4665-AFA8-111ABE40EFE7}.Debug|Any CPU.ActiveCfg = Debug|Any CPU
		{94B2A125-8368-4665-AFA8-111ABE40EFE7}.Debug|Any CPU.Build.0 = Debug|Any CPU
		{94B2A125-8368-4665-AFA8-111ABE40EFE7}.Release|Any CPU.ActiveCfg = Release|Any CPU
		{94B2A125-8368-4665-AFA8-111ABE40EFE7}.Release|Any CPU.Build.0 = Release|Any CPU
	EndGlobalSection
	GlobalSection(SolutionProperties) = preSolution
		HideSolutionNode = FALSE
	EndGlobalSection
EndGlobal
